
Microsoft Visual Studio Solution File, Format Version 12.00
# Visual Studio Version 17
VisualStudioVersion = 17.2.32519.379
MinimumVisualStudioVersion = 10.0.40219.1
Project("{9A19103F-16F7-4668-BE54-9A1E7A4F7556}") = "FireForce", "FireForce\FireForce.csproj", "{E32E6C48-8379-4D8F-84BB-55C25FA5A807}"
EndProject
Project("{FAE04EC0-301F-11D3-BF4B-00C04F79EFBC}") = "FireForce_Video", "FireForce_Menu\FireForce_Video.csproj", "{4CD4D684-B7E0-4A00-8BE7-068A84F6048F}"
EndProject
Project("{54435603-DBB4-11D2-8724-00A0C9A8B90C}") = "Instalador_FireForce", "Instalador_FireForce\Instalador_FireForce.vdproj", "{FE1C7BFA-6D87-449C-9DD6-08E2AE297810}"
EndProject
Global
	GlobalSection(SolutionConfigurationPlatforms) = preSolution
		Debug|Any CPU = Debug|Any CPU
		Release|Any CPU = Release|Any CPU
	EndGlobalSection
	GlobalSection(ProjectConfigurationPlatforms) = postSolution
		{E32E6C48-8379-4D8F-84BB-55C25FA5A807}.Debug|Any CPU.ActiveCfg = Debug|Any CPU
		{E32E6C48-8379-4D8F-84BB-55C25FA5A807}.Debug|Any CPU.Build.0 = Debug|Any CPU
		{E32E6C48-8379-4D8F-84BB-55C25FA5A807}.Release|Any CPU.ActiveCfg = Release|Any CPU
		{E32E6C48-8379-4D8F-84BB-55C25FA5A807}.Release|Any CPU.Build.0 = Release|Any CPU
		{4CD4D684-B7E0-4A00-8BE7-068A84F6048F}.Debug|Any CPU.ActiveCfg = Debug|Any CPU
		{4CD4D684-B7E0-4A00-8BE7-068A84F6048F}.Debug|Any CPU.Build.0 = Debug|Any CPU
		{4CD4D684-B7E0-4A00-8BE7-068A84F6048F}.Release|Any CPU.ActiveCfg = Release|Any CPU
		{4CD4D684-B7E0-4A00-8BE7-068A84F6048F}.Release|Any CPU.Build.0 = Release|Any CPU
		{FE1C7BFA-6D87-449C-9DD6-08E2AE297810}.Debug|Any CPU.ActiveCfg = Debug
		{FE1C7BFA-6D87-449C-9DD6-08E2AE297810}.Release|Any CPU.ActiveCfg = Release
	EndGlobalSection
	GlobalSection(SolutionProperties) = preSolution
		HideSolutionNode = FALSE
	EndGlobalSection
	GlobalSection(ExtensibilityGlobals) = postSolution
		SolutionGuid = {AFC230BD-DE5D-4CDF-906C-20FA4CBE4D47}
	EndGlobalSection
EndGlobal
